
Microsoft Visual Studio Solution File, Format Version 11.00
# Visual Studio 2010
Project("{8BC9CEB8-8B4A-11D0-8D11-00A0C91BC942}") = "dokuzi", "dokuzi\dokuzi.vcxproj", "{2F85DE08-2077-41CD-B5C4-7DEDAB64757B}"
EndProject
Global
	GlobalSection(SolutionConfigurationPlatforms) = preSolution
		Debug|Win32 = Debug|Win32
		Release|Win32 = Release|Win32
	EndGlobalSection
	GlobalSection(ProjectConfigurationPlatforms) = postSolution
		{2F85DE08-2077-41CD-B5C4-7DEDAB64757B}.Debug|Win32.ActiveCfg = Debug|Win32
		{2F85DE08-2077-41CD-B5C4-7DEDAB64757B}.Debug|Win32.Build.0 = Debug|Win32
		{2F85DE08-2077-41CD-B5C4-7DEDAB64757B}.Release|Win32.ActiveCfg = Release|Win32
		{2F85DE08-2077-41CD-B5C4-7DEDAB64757B}.Release|Win32.Build.0 = Release|Win32
	EndGlobalSection
	GlobalSection(SolutionProperties) = preSolution
		HideSolutionNode = FALSE
	EndGlobalSection
EndGlobal
