
Microsoft Visual Studio Solution File, Format Version 11.00
# Visual Studio 2010
Project("{8BC9CEB8-8B4A-11D0-8D11-00A0C91BC942}") = "PID_parameter", "PID_parameter\PID_parameter.vcxproj", "{1E1EBE64-52FC-413D-9639-3D741FA05CCD}"
EndProject
Global
	GlobalSection(SolutionConfigurationPlatforms) = preSolution
		Debug|Win32 = Debug|Win32
		Release|Win32 = Release|Win32
	EndGlobalSection
	GlobalSection(ProjectConfigurationPlatforms) = postSolution
		{1E1EBE64-52FC-413D-9639-3D741FA05CCD}.Debug|Win32.ActiveCfg = Debug|Win32
		{1E1EBE64-52FC-413D-9639-3D741FA05CCD}.Debug|Win32.Build.0 = Debug|Win32
		{1E1EBE64-52FC-413D-9639-3D741FA05CCD}.Release|Win32.ActiveCfg = Release|Win32
		{1E1EBE64-52FC-413D-9639-3D741FA05CCD}.Release|Win32.Build.0 = Release|Win32
	EndGlobalSection
	GlobalSection(SolutionProperties) = preSolution
		HideSolutionNode = FALSE
	EndGlobalSection
EndGlobal
