
Microsoft Visual Studio Solution File, Format Version 11.00
# Visual Studio 2010
Project("{8BC9CEB8-8B4A-11D0-8D11-00A0C91BC942}") = "Maimai", "Maimai\Maimai.vcxproj", "{EDDD856F-3AC2-425A-BA8B-8F8EC904768B}"
EndProject
Global
	GlobalSection(SolutionConfigurationPlatforms) = preSolution
		Debug|Win32 = Debug|Win32
		Release|Win32 = Release|Win32
	EndGlobalSection
	GlobalSection(ProjectConfigurationPlatforms) = postSolution
		{EDDD856F-3AC2-425A-BA8B-8F8EC904768B}.Debug|Win32.ActiveCfg = Debug|Win32
		{EDDD856F-3AC2-425A-BA8B-8F8EC904768B}.Debug|Win32.Build.0 = Debug|Win32
		{EDDD856F-3AC2-425A-BA8B-8F8EC904768B}.Release|Win32.ActiveCfg = Release|Win32
		{EDDD856F-3AC2-425A-BA8B-8F8EC904768B}.Release|Win32.Build.0 = Release|Win32
	EndGlobalSection
	GlobalSection(SolutionProperties) = preSolution
		HideSolutionNode = FALSE
	EndGlobalSection
EndGlobal
